
Microsoft Visual Studio Solution File, Format Version 12.00
# Visual Studio Version 17
VisualStudioVersion = 17.10.34928.147
MinimumVisualStudioVersion = 10.0.40219.1
Project("{FAE04EC0-301F-11D3-BF4B-00C04F79EFBC}") = "order menu program", "order menu program\order menu program.csproj", "{56BA5CFD-C6F7-46D4-9CBB-AA65EB01EF2F}"
EndProject
Global
	GlobalSection(SolutionConfigurationPlatforms) = preSolution
		Debug|Any CPU = Debug|Any CPU
		Release|Any CPU = Release|Any CPU
	EndGlobalSection
	GlobalSection(ProjectConfigurationPlatforms) = postSolution
		{56BA5CFD-C6F7-46D4-9CBB-AA65EB01EF2F}.Debug|Any CPU.ActiveCfg = Debug|Any CPU
		{56BA5CFD-C6F7-46D4-9CBB-AA65EB01EF2F}.Debug|Any CPU.Build.0 = Debug|Any CPU
		{56BA5CFD-C6F7-46D4-9CBB-AA65EB01EF2F}.Release|Any CPU.ActiveCfg = Release|Any CPU
		{56BA5CFD-C6F7-46D4-9CBB-AA65EB01EF2F}.Release|Any CPU.Build.0 = Release|Any CPU
	EndGlobalSection
	GlobalSection(SolutionProperties) = preSolution
		HideSolutionNode = FALSE
	EndGlobalSection
	GlobalSection(ExtensibilityGlobals) = postSolution
		SolutionGuid = {9B749C80-97CA-49AA-83F9-926D866D5192}
	EndGlobalSection
EndGlobal
