
Microsoft Visual Studio Solution File, Format Version 12.00
# Visual Studio Version 17
VisualStudioVersion = 17.10.34928.147
MinimumVisualStudioVersion = 10.0.40219.1
Project("{FAE04EC0-301F-11D3-BF4B-00C04F79EFBC}") = "Manager details", "Manager details\Manager details.csproj", "{44CCEF97-C91F-4155-AE2F-16FAFD77F076}"
EndProject
Global
	GlobalSection(SolutionConfigurationPlatforms) = preSolution
		Debug|Any CPU = Debug|Any CPU
		Release|Any CPU = Release|Any CPU
	EndGlobalSection
	GlobalSection(ProjectConfigurationPlatforms) = postSolution
		{44CCEF97-C91F-4155-AE2F-16FAFD77F076}.Debug|Any CPU.ActiveCfg = Debug|Any CPU
		{44CCEF97-C91F-4155-AE2F-16FAFD77F076}.Debug|Any CPU.Build.0 = Debug|Any CPU
		{44CCEF97-C91F-4155-AE2F-16FAFD77F076}.Release|Any CPU.ActiveCfg = Release|Any CPU
		{44CCEF97-C91F-4155-AE2F-16FAFD77F076}.Release|Any CPU.Build.0 = Release|Any CPU
	EndGlobalSection
	GlobalSection(SolutionProperties) = preSolution
		HideSolutionNode = FALSE
	EndGlobalSection
	GlobalSection(ExtensibilityGlobals) = postSolution
		SolutionGuid = {2D40056D-56AA-4CC3-B890-AD4272693AF5}
	EndGlobalSection
EndGlobal
